// !$*UTF8*$!
{
	archiveVersion = 1;
	classes = {
	};
	objectVersion = 56;
	objects = {

/* Begin PBXBuildFile section */
		4E0091272EC1372900D8A0D1 /* LoggingViewModel.swift in Sources */ = {isa = PBXBuildFile; fileRef = 4E0091152EC1372900D8A0D1 /* LoggingViewModel.swift */; };
		4E00912A2EC1372900D8A0D1 /* CategoryLoggingView.swift in Sources */ = {isa = PBXBuildFile; fileRef = 4E00911C2EC1372900D8A0D1 /* CategoryLoggingView.swift */; };
		4E00912B2EC1372900D8A0D1 /* DashboardViewModel.swift in Sources */ = {isa = PBXBuildFile; fileRef = 4E0091132EC1372900D8A0D1 /* DashboardViewModel.swift */; };
		4E00912C2EC1372900D8A0D1 /* ExportDataView.swift in Sources */ = {isa = PBXBuildFile; fileRef = 4E0091222EC1372900D8A0D1 /* ExportDataView.swift */; };
		4E00912D2EC1372900D8A0D1 /* ReportsViewModel.swift in Sources */ = {isa = PBXBuildFile; fileRef = 4E0091162EC1372900D8A0D1 /* ReportsViewModel.swift */; };
		4E00912E2EC1372900D8A0D1 /* HistoryViewModel.swift in Sources */ = {isa = PBXBuildFile; fileRef = 4E0091142EC1372900D8A0D1 /* HistoryViewModel.swift */; };
		4E00912F2EC1372900D8A0D1 /* AccessibilityLabels.swift in Sources */ = {isa = PBXBuildFile; fileRef = 4E00910F2EC1372900D8A0D1 /* AccessibilityLabels.swift */; };
		4E0091302EC1372900D8A0D1 /* Tag+CoreDataClass.swift in Sources */ = {isa = PBXBuildFile; fileRef = 4E0091082EC1372900D8A0D1 /* Tag+CoreDataClass.swift */; };
		4E0091312EC1372900D8A0D1 /* Accessibility+Extensions.swift in Sources */ = {isa = PBXBuildFile; fileRef = 4E00910E2EC1372900D8A0D1 /* Accessibility+Extensions.swift */; };
		4E0091322EC1372900D8A0D1 /* LoggingView.swift in Sources */ = {isa = PBXBuildFile; fileRef = 4E00911D2EC1372900D8A0D1 /* LoggingView.swift */; };
		4E0091332EC1372900D8A0D1 /* ReportGenerator.swift in Sources */ = {isa = PBXBuildFile; fileRef = 4E00910C2EC1372900D8A0D1 /* ReportGenerator.swift */; };
		4E0091342EC1372900D8A0D1 /* Date+Extensions.swift in Sources */ = {isa = PBXBuildFile; fileRef = 4E0091102EC1372900D8A0D1 /* Date+Extensions.swift */; };
		4E0091352EC1372900D8A0D1 /* PatternEntry+CoreDataClass.swift in Sources */ = {isa = PBXBuildFile; fileRef = 4E0091062EC1372900D8A0D1 /* PatternEntry+CoreDataClass.swift */; };
		4E0091362EC1372900D8A0D1 /* SettingsView.swift in Sources */ = {isa = PBXBuildFile; fileRef = 4E0091232EC1372900D8A0D1 /* SettingsView.swift */; };
		4E0091372EC1372900D8A0D1 /* HistoryView.swift in Sources */ = {isa = PBXBuildFile; fileRef = 4E00911A2EC1372900D8A0D1 /* HistoryView.swift */; };
		4E0091382EC1372900D8A0D1 /* BehaviorTrackerModel.xcdatamodeld in Sources */ = {isa = PBXBuildFile; fileRef = 4E0091042EC1372900D8A0D1 /* BehaviorTrackerModel.xcdatamodeld */; };
		4E0091392EC1372900D8A0D1 /* PatternEntryFormView.swift in Sources */ = {isa = PBXBuildFile; fileRef = 4E00911E2EC1372900D8A0D1 /* PatternEntryFormView.swift */; };
		4E00913A2EC1372900D8A0D1 /* DataController.swift in Sources */ = {isa = PBXBuildFile; fileRef = 4E00910B2EC1372900D8A0D1 /* DataController.swift */; };
		4E00913B2EC1372900D8A0D1 /* SettingsViewModel.swift in Sources */ = {isa = PBXBuildFile; fileRef = 4E0091172EC1372900D8A0D1 /* SettingsViewModel.swift */; };
		4E00913C2EC1372900D8A0D1 /* DashboardView.swift in Sources */ = {isa = PBXBuildFile; fileRef = 4E0091192EC1372900D8A0D1 /* DashboardView.swift */; };
		4E00913D2EC1372900D8A0D1 /* ReportsView.swift in Sources */ = {isa = PBXBuildFile; fileRef = 4E0091202EC1372900D8A0D1 /* ReportsView.swift */; };
		4E00913E2EC1372900D8A0D1 /* HapticFeedback.swift in Sources */ = {isa = PBXBuildFile; fileRef = 4E0091112EC1372900D8A0D1 /* HapticFeedback.swift */; };
		4E00913F2EC1372900D8A0D1 /* UserPreferences+CoreDataClass.swift in Sources */ = {isa = PBXBuildFile; fileRef = 4E0091092EC1372900D8A0D1 /* UserPreferences+CoreDataClass.swift */; };
		4E16DE672ECE7DF200FEFBD8 /* ContributingFactor.swift in Sources */ = {isa = PBXBuildFile; fileRef = 4E16DE662ECE7DF200FEFBD8 /* ContributingFactor.swift */; };
		4E16DE692ECE7F6F00FEFBD8 /* PatternCategory.swift in Sources */ = {isa = PBXBuildFile; fileRef = 4E16DE682ECE7F6F00FEFBD8 /* PatternCategory.swift */; };
		4E16DE6B2ECE7F8900FEFBD8 /* PatternType.swift in Sources */ = {isa = PBXBuildFile; fileRef = 4E16DE6A2ECE7F8900FEFBD8 /* PatternType.swift */; };
		4E2910DC2ECBACBF00E73735 /* DaySummaryView.swift in Sources */ = {isa = PBXBuildFile; fileRef = 4E2910DB2ECBACBF00E73735 /* DaySummaryView.swift */; };
		4E2910DE2ECBACD100E73735 /* DaySummaryViewModel.swift in Sources */ = {isa = PBXBuildFile; fileRef = 4E2910DD2ECBACD100E73735 /* DaySummaryViewModel.swift */; };
		4E4295F32ECE39AF006C6B00 /* UserProfile+CoreDataClass.swift in Sources */ = {isa = PBXBuildFile; fileRef = 4E4295F22ECE39AF006C6B00 /* UserProfile+CoreDataClass.swift */; };
		4E4295F52ECE39D4006C6B00 /* ProfileView.swift in Sources */ = {isa = PBXBuildFile; fileRef = 4E4295F42ECE39D4006C6B00 /* ProfileView.swift */; };
		4E86BDC42ECD0C9F00AD04F7 /* HealthKitManager.swift in Sources */ = {isa = PBXBuildFile; fileRef = 4E86BDC32ECD0C9F00AD04F7 /* HealthKitManager.swift */; };
		4EF642022ECBA4D00055E3FB /* MedicationView.swift in Sources */ = {isa = PBXBuildFile; fileRef = 4EF642012ECBA4D00055E3FB /* MedicationView.swift */; };
		4EF642062ECBA50F0055E3FB /* MedicationViewModel.swift in Sources */ = {isa = PBXBuildFile; fileRef = 4EF642052ECBA50F0055E3FB /* MedicationViewModel.swift */; };
		4EF642082ECBA5B60055E3FB /* ThemePickerView 2.swift in Sources */ = {isa = PBXBuildFile; fileRef = 4EF642072ECBA5B60055E3FB /* ThemePickerView 2.swift */; };
		4EF6420A2ECBA6F00055E3FB /* JournalListView.swift in Sources */ = {isa = PBXBuildFile; fileRef = 4EF642092ECBA6F00055E3FB /* JournalListView.swift */; };
		4EF6420E2ECBA7070055E3FB /* JournalEntryFormView.swift in Sources */ = {isa = PBXBuildFile; fileRef = 4EF6420D2ECBA7070055E3FB /* JournalEntryFormView.swift */; };
		4EF642102ECBA7220055E3FB /* JournalDetailView.swift in Sources */ = {isa = PBXBuildFile; fileRef = 4EF6420F2ECBA7220055E3FB /* JournalDetailView.swift */; };
		4EF642112ECBAAD20055E3FB /* JournalViewModel.swift in Sources */ = {isa = PBXBuildFile; fileRef = 4EF6420B2ECBA6F80055E3FB /* JournalViewModel.swift */; };
		4EF9A5752ECBA3880091380A /* Medication+CoreDataClass.swift in Sources */ = {isa = PBXBuildFile; fileRef = 4EF9A5742ECBA3880091380A /* Medication+CoreDataClass.swift */; };
		4EF9A5772ECBA3910091380A /* MedicationLog+CoreDataClass.swift in Sources */ = {isa = PBXBuildFile; fileRef = 4EF9A5762ECBA3910091380A /* MedicationLog+CoreDataClass.swift */; };
		4EF9A5792ECBA3990091380A /* JournalEntry+CoreDataClass 2.swift in Sources */ = {isa = PBXBuildFile; fileRef = 4EF9A5782ECBA3990091380A /* JournalEntry+CoreDataClass 2.swift */; };
		A3B6464C00000001 /* BehaviorTrackerApp.swift in Sources */ = {isa = PBXBuildFile; fileRef = A3B6464C00000002 /* BehaviorTrackerApp.swift */; };
		A3B6464C00000003 /* ContentView.swift in Sources */ = {isa = PBXBuildFile; fileRef = A3B6464C00000004 /* ContentView.swift */; };
		A3B6464C00000005 /* Assets.xcassets in Resources */ = {isa = PBXBuildFile; fileRef = A3B6464C00000006 /* Assets.xcassets */; };
		A3B6464C00000007 /* Preview Assets.xcassets in Resources */ = {isa = PBXBuildFile; fileRef = A3B6464C00000008 /* Preview Assets.xcassets */; };
/* End PBXBuildFile section */

/* Begin PBXFileReference section */
		4E0091062EC1372900D8A0D1 /* PatternEntry+CoreDataClass.swift */ = {isa = PBXFileReference; lastKnownFileType = sourcecode.swift; path = "PatternEntry+CoreDataClass.swift"; sourceTree = "<group>"; };
		4E0091082EC1372900D8A0D1 /* Tag+CoreDataClass.swift */ = {isa = PBXFileReference; lastKnownFileType = sourcecode.swift; path = "Tag+CoreDataClass.swift"; sourceTree = "<group>"; };
		4E0091092EC1372900D8A0D1 /* UserPreferences+CoreDataClass.swift */ = {isa = PBXFileReference; lastKnownFileType = sourcecode.swift; path = "UserPreferences+CoreDataClass.swift"; sourceTree = "<group>"; };
		4E00910B2EC1372900D8A0D1 /* DataController.swift */ = {isa = PBXFileReference; lastKnownFileType = sourcecode.swift; path = DataController.swift; sourceTree = "<group>"; };
		4E00910C2EC1372900D8A0D1 /* ReportGenerator.swift */ = {isa = PBXFileReference; lastKnownFileType = sourcecode.swift; path = ReportGenerator.swift; sourceTree = "<group>"; };
		4E00910E2EC1372900D8A0D1 /* Accessibility+Extensions.swift */ = {isa = PBXFileReference; lastKnownFileType = sourcecode.swift; path = "Accessibility+Extensions.swift"; sourceTree = "<group>"; };
		4E00910F2EC1372900D8A0D1 /* AccessibilityLabels.swift */ = {isa = PBXFileReference; lastKnownFileType = sourcecode.swift; path = AccessibilityLabels.swift; sourceTree = "<group>"; };
		4E0091102EC1372900D8A0D1 /* Date+Extensions.swift */ = {isa = PBXFileReference; lastKnownFileType = sourcecode.swift; path = "Date+Extensions.swift"; sourceTree = "<group>"; };
		4E0091112EC1372900D8A0D1 /* HapticFeedback.swift */ = {isa = PBXFileReference; lastKnownFileType = sourcecode.swift; path = HapticFeedback.swift; sourceTree = "<group>"; };
		4E0091132EC1372900D8A0D1 /* DashboardViewModel.swift */ = {isa = PBXFileReference; lastKnownFileType = sourcecode.swift; path = DashboardViewModel.swift; sourceTree = "<group>"; };
		4E0091142EC1372900D8A0D1 /* HistoryViewModel.swift */ = {isa = PBXFileReference; lastKnownFileType = sourcecode.swift; path = HistoryViewModel.swift; sourceTree = "<group>"; };
		4E0091152EC1372900D8A0D1 /* LoggingViewModel.swift */ = {isa = PBXFileReference; lastKnownFileType = sourcecode.swift; path = LoggingViewModel.swift; sourceTree = "<group>"; };
		4E0091162EC1372900D8A0D1 /* ReportsViewModel.swift */ = {isa = PBXFileReference; lastKnownFileType = sourcecode.swift; path = ReportsViewModel.swift; sourceTree = "<group>"; };
		4E0091172EC1372900D8A0D1 /* SettingsViewModel.swift */ = {isa = PBXFileReference; lastKnownFileType = sourcecode.swift; path = SettingsViewModel.swift; sourceTree = "<group>"; };
		4E0091192EC1372900D8A0D1 /* DashboardView.swift */ = {isa = PBXFileReference; lastKnownFileType = sourcecode.swift; path = DashboardView.swift; sourceTree = "<group>"; };
		4E00911A2EC1372900D8A0D1 /* HistoryView.swift */ = {isa = PBXFileReference; lastKnownFileType = sourcecode.swift; path = HistoryView.swift; sourceTree = "<group>"; };
		4E00911C2EC1372900D8A0D1 /* CategoryLoggingView.swift */ = {isa = PBXFileReference; lastKnownFileType = sourcecode.swift; path = CategoryLoggingView.swift; sourceTree = "<group>"; };
		4E00911D2EC1372900D8A0D1 /* LoggingView.swift */ = {isa = PBXFileReference; lastKnownFileType = sourcecode.swift; path = LoggingView.swift; sourceTree = "<group>"; };
		4E00911E2EC1372900D8A0D1 /* PatternEntryFormView.swift */ = {isa = PBXFileReference; lastKnownFileType = sourcecode.swift; path = PatternEntryFormView.swift; sourceTree = "<group>"; };
		4E0091202EC1372900D8A0D1 /* ReportsView.swift */ = {isa = PBXFileReference; lastKnownFileType = sourcecode.swift; path = ReportsView.swift; sourceTree = "<group>"; };
		4E0091222EC1372900D8A0D1 /* ExportDataView.swift */ = {isa = PBXFileReference; lastKnownFileType = sourcecode.swift; path = ExportDataView.swift; sourceTree = "<group>"; };
		4E0091232EC1372900D8A0D1 /* SettingsView.swift */ = {isa = PBXFileReference; lastKnownFileType = sourcecode.swift; path = SettingsView.swift; sourceTree = "<group>"; };
		4E0091262EC1372900D8A0D1 /* BehaviorTracker.xcdatamodel */ = {isa = PBXFileReference; lastKnownFileType = wrapper.xcdatamodel; path = BehaviorTracker.xcdatamodel; sourceTree = "<group>"; };
		4E16DE662ECE7DF200FEFBD8 /* ContributingFactor.swift */ = {isa = PBXFileReference; lastKnownFileType = sourcecode.swift; path = ContributingFactor.swift; sourceTree = "<group>"; };
		4E16DE682ECE7F6F00FEFBD8 /* PatternCategory.swift */ = {isa = PBXFileReference; lastKnownFileType = sourcecode.swift; path = PatternCategory.swift; sourceTree = "<group>"; };
		4E16DE6A2ECE7F8900FEFBD8 /* PatternType.swift */ = {isa = PBXFileReference; lastKnownFileType = sourcecode.swift; path = PatternType.swift; sourceTree = "<group>"; };
		4E2910DB2ECBACBF00E73735 /* DaySummaryView.swift */ = {isa = PBXFileReference; lastKnownFileType = sourcecode.swift; path = DaySummaryView.swift; sourceTree = "<group>"; };
		4E2910DD2ECBACD100E73735 /* DaySummaryViewModel.swift */ = {isa = PBXFileReference; lastKnownFileType = sourcecode.swift; path = DaySummaryViewModel.swift; sourceTree = "<group>"; };
		4E4295F22ECE39AF006C6B00 /* UserProfile+CoreDataClass.swift */ = {isa = PBXFileReference; lastKnownFileType = sourcecode.swift; path = "UserProfile+CoreDataClass.swift"; sourceTree = "<group>"; };
		4E4295F42ECE39D4006C6B00 /* ProfileView.swift */ = {isa = PBXFileReference; lastKnownFileType = sourcecode.swift; path = ProfileView.swift; sourceTree = "<group>"; };
		4E86BDC32ECD0C9F00AD04F7 /* HealthKitManager.swift */ = {isa = PBXFileReference; lastKnownFileType = sourcecode.swift; path = HealthKitManager.swift; sourceTree = "<group>"; };
		4E86BDC52ECD0D6700AD04F7 /* BehaviorTracker.entitlements */ = {isa = PBXFileReference; lastKnownFileType = text.plist.entitlements; path = BehaviorTracker.entitlements; sourceTree = "<group>"; };
		4EF642012ECBA4D00055E3FB /* MedicationView.swift */ = {isa = PBXFileReference; lastKnownFileType = sourcecode.swift; path = MedicationView.swift; sourceTree = "<group>"; };
		4EF642032ECBA4D00055E3FB /* JournalListView.swift */ = {isa = PBXFileReference; lastKnownFileType = sourcecode.swift; path = JournalListView.swift; sourceTree = "<group>"; };
		4EF642052ECBA50F0055E3FB /* MedicationViewModel.swift */ = {isa = PBXFileReference; lastKnownFileType = sourcecode.swift; path = MedicationViewModel.swift; sourceTree = "<group>"; };
		4EF642072ECBA5B60055E3FB /* ThemePickerView 2.swift */ = {isa = PBXFileReference; lastKnownFileType = sourcecode.swift; path = "ThemePickerView 2.swift"; sourceTree = "<group>"; };
		4EF642092ECBA6F00055E3FB /* JournalListView.swift */ = {isa = PBXFileReference; lastKnownFileType = sourcecode.swift; path = JournalListView.swift; sourceTree = "<group>"; };
		4EF6420B2ECBA6F80055E3FB /* JournalViewModel.swift */ = {isa = PBXFileReference; lastKnownFileType = sourcecode.swift; path = JournalViewModel.swift; sourceTree = "<group>"; };
		4EF6420D2ECBA7070055E3FB /* JournalEntryFormView.swift */ = {isa = PBXFileReference; lastKnownFileType = sourcecode.swift; path = JournalEntryFormView.swift; sourceTree = "<group>"; };
		4EF6420F2ECBA7220055E3FB /* JournalDetailView.swift */ = {isa = PBXFileReference; lastKnownFileType = sourcecode.swift; path = JournalDetailView.swift; sourceTree = "<group>"; };
		4EF9A5742ECBA3880091380A /* Medication+CoreDataClass.swift */ = {isa = PBXFileReference; lastKnownFileType = sourcecode.swift; path = "Medication+CoreDataClass.swift"; sourceTree = "<group>"; };
		4EF9A5762ECBA3910091380A /* MedicationLog+CoreDataClass.swift */ = {isa = PBXFileReference; lastKnownFileType = sourcecode.swift; path = "MedicationLog+CoreDataClass.swift"; sourceTree = "<group>"; };
		4EF9A5782ECBA3990091380A /* JournalEntry+CoreDataClass 2.swift */ = {isa = PBXFileReference; lastKnownFileType = sourcecode.swift; path = "JournalEntry+CoreDataClass 2.swift"; sourceTree = "<group>"; };
		619FF56700000001 /* BehaviorTracker.app */ = {isa = PBXFileReference; explicitFileType = wrapper.application; includeInIndex = 0; path = BehaviorTracker.app; sourceTree = BUILT_PRODUCTS_DIR; };
		A3B6464C00000002 /* BehaviorTrackerApp.swift */ = {isa = PBXFileReference; lastKnownFileType = sourcecode.swift; path = BehaviorTrackerApp.swift; sourceTree = "<group>"; };
		A3B6464C00000004 /* ContentView.swift */ = {isa = PBXFileReference; lastKnownFileType = sourcecode.swift; path = ContentView.swift; sourceTree = "<group>"; };
		A3B6464C00000006 /* Assets.xcassets */ = {isa = PBXFileReference; lastKnownFileType = folder.assetcatalog; path = Assets.xcassets; sourceTree = "<group>"; };
		A3B6464C00000008 /* Preview Assets.xcassets */ = {isa = PBXFileReference; lastKnownFileType = folder.assetcatalog; path = "Preview Assets.xcassets"; sourceTree = "<group>"; };
/* End PBXFileReference section */

/* Begin PBXFrameworksBuildPhase section */
		C212516800000001 /* Frameworks */ = {
			isa = PBXFrameworksBuildPhase;
			buildActionMask = 2147483647;
			files = (
			);
			runOnlyForDeploymentPostprocessing = 0;
		};
/* End PBXFrameworksBuildPhase section */

/* Begin PBXGroup section */
		4E00910A2EC1372900D8A0D1 /* Models */ = {
			isa = PBXGroup;
			children = (
				4E0091042EC1372900D8A0D1 /* BehaviorTrackerModel.xcdatamodeld */,
				4E0091062EC1372900D8A0D1 /* PatternEntry+CoreDataClass.swift */,
				4E0091082EC1372900D8A0D1 /* Tag+CoreDataClass.swift */,
				4E0091092EC1372900D8A0D1 /* UserPreferences+CoreDataClass.swift */,
				4EF9A5782ECBA3990091380A /* JournalEntry+CoreDataClass 2.swift */,
				4E4295F22ECE39AF006C6B00 /* UserProfile+CoreDataClass.swift */,
				4E4295F42ECE39D4006C6B00 /* ProfileView.swift */,
				4E16DE662ECE7DF200FEFBD8 /* ContributingFactor.swift */,
			);
			path = Models;
			sourceTree = "<group>";
		};
		4E00910D2EC1372900D8A0D1 /* Services */ = {
			isa = PBXGroup;
			children = (
				4E00910B2EC1372900D8A0D1 /* DataController.swift */,
				4E00910C2EC1372900D8A0D1 /* ReportGenerator.swift */,
				4EF9A5742ECBA3880091380A /* Medication+CoreDataClass.swift */,
				4EF9A5762ECBA3910091380A /* MedicationLog+CoreDataClass.swift */,
				4E16DE682ECE7F6F00FEFBD8 /* PatternCategory.swift */,
				4E16DE6A2ECE7F8900FEFBD8 /* PatternType.swift */,
			);
			path = Services;
			sourceTree = "<group>";
		};
		4E0091122EC1372900D8A0D1 /* Utilities */ = {
			isa = PBXGroup;
			children = (
				4E00910E2EC1372900D8A0D1 /* Accessibility+Extensions.swift */,
				4E00910F2EC1372900D8A0D1 /* AccessibilityLabels.swift */,
				4E0091102EC1372900D8A0D1 /* Date+Extensions.swift */,
				4E0091112EC1372900D8A0D1 /* HapticFeedback.swift */,
			);
			path = Utilities;
			sourceTree = "<group>";
		};
		4E0091182EC1372900D8A0D1 /* ViewModels */ = {
			isa = PBXGroup;
			children = (
				4E0091132EC1372900D8A0D1 /* DashboardViewModel.swift */,
				4E0091142EC1372900D8A0D1 /* HistoryViewModel.swift */,
				4E0091152EC1372900D8A0D1 /* LoggingViewModel.swift */,
				4E0091162EC1372900D8A0D1 /* ReportsViewModel.swift */,
				4E0091172EC1372900D8A0D1 /* SettingsViewModel.swift */,
			);
			path = ViewModels;
			sourceTree = "<group>";
		};
		4E00911B2EC1372900D8A0D1 /* Dashboard */ = {
			isa = PBXGroup;
			children = (
				4E0091192EC1372900D8A0D1 /* DashboardView.swift */,
				4E00911A2EC1372900D8A0D1 /* HistoryView.swift */,
				4EF642052ECBA50F0055E3FB /* MedicationViewModel.swift */,
				4E2910DB2ECBACBF00E73735 /* DaySummaryView.swift */,
				4E2910DD2ECBACD100E73735 /* DaySummaryViewModel.swift */,
			);
			path = Dashboard;
			sourceTree = "<group>";
		};
		4E00911F2EC1372900D8A0D1 /* Logging */ = {
			isa = PBXGroup;
			children = (
				4E00911C2EC1372900D8A0D1 /* CategoryLoggingView.swift */,
				4E00911D2EC1372900D8A0D1 /* LoggingView.swift */,
				4E00911E2EC1372900D8A0D1 /* PatternEntryFormView.swift */,
				4E86BDC32ECD0C9F00AD04F7 /* HealthKitManager.swift */,
			);
			path = Logging;
			sourceTree = "<group>";
		};
		4E0091212EC1372900D8A0D1 /* Reports */ = {
			isa = PBXGroup;
			children = (
				4E0091202EC1372900D8A0D1 /* ReportsView.swift */,
			);
			path = Reports;
			sourceTree = "<group>";
		};
		4E0091242EC1372900D8A0D1 /* Settings */ = {
			isa = PBXGroup;
			children = (
				4E0091222EC1372900D8A0D1 /* ExportDataView.swift */,
				4E0091232EC1372900D8A0D1 /* SettingsView.swift */,
				4EF642072ECBA5B60055E3FB /* ThemePickerView 2.swift */,
				4EF642092ECBA6F00055E3FB /* JournalListView.swift */,
				4EF6420B2ECBA6F80055E3FB /* JournalViewModel.swift */,
				4EF6420D2ECBA7070055E3FB /* JournalEntryFormView.swift */,
				4EF6420F2ECBA7220055E3FB /* JournalDetailView.swift */,
			);
			path = Settings;
			sourceTree = "<group>";
		};
		4E0091252EC1372900D8A0D1 /* Views */ = {
			isa = PBXGroup;
			children = (
				4E00911B2EC1372900D8A0D1 /* Dashboard */,
				4E00911F2EC1372900D8A0D1 /* Logging */,
				4E0091212EC1372900D8A0D1 /* Reports */,
				4E0091242EC1372900D8A0D1 /* Settings */,
			);
			path = Views;
			sourceTree = "<group>";
		};
		7990D6AB00000001 = {
			isa = PBXGroup;
			children = (
				7990D6AB00000002 /* BehaviorTracker */,
				7990D6AB00000003 /* Products */,
			);
			sourceTree = "<group>";
		};
		7990D6AB00000002 /* BehaviorTracker */ = {
			isa = PBXGroup;
			children = (
				4E86BDC52ECD0D6700AD04F7 /* BehaviorTracker.entitlements */,
				4E00910A2EC1372900D8A0D1 /* Models */,
				4E00910D2EC1372900D8A0D1 /* Services */,
				4E0091122EC1372900D8A0D1 /* Utilities */,
				4E0091182EC1372900D8A0D1 /* ViewModels */,
				4E0091252EC1372900D8A0D1 /* Views */,
				A3B6464C00000002 /* BehaviorTrackerApp.swift */,
				A3B6464C00000004 /* ContentView.swift */,
				A3B6464C00000006 /* Assets.xcassets */,
				7990D6AB00000004 /* Preview Content */,
				4EF642012ECBA4D00055E3FB /* MedicationView.swift */,
				4EF642032ECBA4D00055E3FB /* JournalListView.swift */,
			);
			path = BehaviorTracker;
			sourceTree = "<group>";
		};
		7990D6AB00000003 /* Products */ = {
			isa = PBXGroup;
			children = (
				619FF56700000001 /* BehaviorTracker.app */,
			);
			name = Products;
			sourceTree = "<group>";
		};
		7990D6AB00000004 /* Preview Content */ = {
			isa = PBXGroup;
			children = (
				A3B6464C00000008 /* Preview Assets.xcassets */,
			);
			path = "Preview Content";
			sourceTree = "<group>";
		};
/* End PBXGroup section */

/* Begin PBXNativeTarget section */
		62FC608100000001 /* BehaviorTracker */ = {
			isa = PBXNativeTarget;
			buildConfigurationList = 62FC608100000002 /* Build configuration list for PBXNativeTarget "BehaviorTracker" */;
			buildPhases = (
				62FC608100000003 /* Sources */,
				C212516800000001 /* Frameworks */,
				62FC608100000004 /* Resources */,
			);
			buildRules = (
			);
			dependencies = (
			);
			name = BehaviorTracker;
			productName = BehaviorTracker;
			productReference = 619FF56700000001 /* BehaviorTracker.app */;
			productType = "com.apple.product-type.application";
		};
/* End PBXNativeTarget section */

/* Begin PBXProject section */
		7990D6AB00000005 /* Project object */ = {
			isa = PBXProject;
			attributes = {
				BuildIndependentTargetsInParallel = 1;
				LastSwiftUpdateCheck = 1500;
				LastUpgradeCheck = 2610;
				TargetAttributes = {
					62FC608100000001 = {
						CreatedOnToolsVersion = 15.0;
					};
				};
			};
			buildConfigurationList = 7990D6AB00000006 /* Build configuration list for PBXProject "BehaviorTracker" */;
			compatibilityVersion = "Xcode 14.0";
			developmentRegion = en;
			hasScannedForEncodings = 0;
			knownRegions = (
				en,
				Base,
			);
			mainGroup = 7990D6AB00000001;
			productRefGroup = 7990D6AB00000003 /* Products */;
			projectDirPath = "";
			projectRoot = "";
			targets = (
				62FC608100000001 /* BehaviorTracker */,
			);
		};
/* End PBXProject section */

/* Begin PBXResourcesBuildPhase section */
		62FC608100000004 /* Resources */ = {
			isa = PBXResourcesBuildPhase;
			buildActionMask = 2147483647;
			files = (
				A3B6464C00000007 /* Preview Assets.xcassets in Resources */,
				A3B6464C00000005 /* Assets.xcassets in Resources */,
			);
			runOnlyForDeploymentPostprocessing = 0;
		};
/* End PBXResourcesBuildPhase section */

/* Begin PBXSourcesBuildPhase section */
		62FC608100000003 /* Sources */ = {
			isa = PBXSourcesBuildPhase;
			buildActionMask = 2147483647;
			files = (
				4EF642022ECBA4D00055E3FB /* MedicationView.swift in Sources */,
				4EF642062ECBA50F0055E3FB /* MedicationViewModel.swift in Sources */,
				4E0091272EC1372900D8A0D1 /* LoggingViewModel.swift in Sources */,
				4EF642112ECBAAD20055E3FB /* JournalViewModel.swift in Sources */,
				4E2910DE2ECBACD100E73735 /* DaySummaryViewModel.swift in Sources */,
				4E00912A2EC1372900D8A0D1 /* CategoryLoggingView.swift in Sources */,
				4E00912B2EC1372900D8A0D1 /* DashboardViewModel.swift in Sources */,
				4E00912C2EC1372900D8A0D1 /* ExportDataView.swift in Sources */,
				4E00912D2EC1372900D8A0D1 /* ReportsViewModel.swift in Sources */,
				4E00912E2EC1372900D8A0D1 /* HistoryViewModel.swift in Sources */,
				4E00912F2EC1372900D8A0D1 /* AccessibilityLabels.swift in Sources */,
				4E2910DC2ECBACBF00E73735 /* DaySummaryView.swift in Sources */,
				4E0091302EC1372900D8A0D1 /* Tag+CoreDataClass.swift in Sources */,
				4E0091312EC1372900D8A0D1 /* Accessibility+Extensions.swift in Sources */,
				4E0091322EC1372900D8A0D1 /* LoggingView.swift in Sources */,
				4E4295F32ECE39AF006C6B00 /* UserProfile+CoreDataClass.swift in Sources */,
				4EF9A5792ECBA3990091380A /* JournalEntry+CoreDataClass 2.swift in Sources */,
				4E86BDC42ECD0C9F00AD04F7 /* HealthKitManager.swift in Sources */,
				4E0091332EC1372900D8A0D1 /* ReportGenerator.swift in Sources */,
				4E0091342EC1372900D8A0D1 /* Date+Extensions.swift in Sources */,
				4EF642082ECBA5B60055E3FB /* ThemePickerView 2.swift in Sources */,
				4EF9A5752ECBA3880091380A /* Medication+CoreDataClass.swift in Sources */,
				4E0091352EC1372900D8A0D1 /* PatternEntry+CoreDataClass.swift in Sources */,
				4E0091362EC1372900D8A0D1 /* SettingsView.swift in Sources */,
				4EF9A5772ECBA3910091380A /* MedicationLog+CoreDataClass.swift in Sources */,
				4E0091372EC1372900D8A0D1 /* HistoryView.swift in Sources */,
				4E16DE692ECE7F6F00FEFBD8 /* PatternCategory.swift in Sources */,
				4EF642102ECBA7220055E3FB /* JournalDetailView.swift in Sources */,
				4E16DE672ECE7DF200FEFBD8 /* ContributingFactor.swift in Sources */,
				4EF6420E2ECBA7070055E3FB /* JournalEntryFormView.swift in Sources */,
				4E0091382EC1372900D8A0D1 /* BehaviorTrackerModel.xcdatamodeld in Sources */,
				4EF6420A2ECBA6F00055E3FB /* JournalListView.swift in Sources */,
				4E0091392EC1372900D8A0D1 /* PatternEntryFormView.swift in Sources */,
				4E00913A2EC1372900D8A0D1 /* DataController.swift in Sources */,
				4E00913B2EC1372900D8A0D1 /* SettingsViewModel.swift in Sources */,
				4E00913C2EC1372900D8A0D1 /* DashboardView.swift in Sources */,
				4E16DE6B2ECE7F8900FEFBD8 /* PatternType.swift in Sources */,
				4E00913D2EC1372900D8A0D1 /* ReportsView.swift in Sources */,
				4E00913E2EC1372900D8A0D1 /* HapticFeedback.swift in Sources */,
				4E00913F2EC1372900D8A0D1 /* UserPreferences+CoreDataClass.swift in Sources */,
				A3B6464C00000003 /* ContentView.swift in Sources */,
				4E4295F52ECE39D4006C6B00 /* ProfileView.swift in Sources */,
				A3B6464C00000001 /* BehaviorTrackerApp.swift in Sources */,
			);
			runOnlyForDeploymentPostprocessing = 0;
		};
/* End PBXSourcesBuildPhase section */

/* Begin XCBuildConfiguration section */
		62FC608100000005 /* Debug */ = {
			isa = XCBuildConfiguration;
			buildSettings = {
				ASSETCATALOG_COMPILER_APPICON_NAME = AppIcon;
				ASSETCATALOG_COMPILER_GLOBAL_ACCENT_COLOR_NAME = AccentColor;
				CODE_SIGN_ENTITLEMENTS = BehaviorTracker/BehaviorTracker.entitlements;
				CODE_SIGN_STYLE = Automatic;
				CURRENT_PROJECT_VERSION = 1;
				DEVELOPMENT_ASSET_PATHS = "\"BehaviorTracker/Preview Content\"";
				DEVELOPMENT_TEAM = MV4GGC9J7K;
				ENABLE_PREVIEWS = YES;
				GENERATE_INFOPLIST_FILE = YES;
				INFOPLIST_KEY_CFBundleDisplayName = "";
				INFOPLIST_KEY_LSApplicationCategoryType = "public.app-category.healthcare-fitness";
				INFOPLIST_KEY_NSHealthShareUsageDescription = " BehaviorTracker reads your health data to provide personalized insights.";
				INFOPLIST_KEY_NSHealthUpdateUsageDescription = "BehaviorTracker syncs your behavior patterns with HealthKit to help you track your wellness.";
				INFOPLIST_KEY_UIApplicationSceneManifest_Generation = YES;
				INFOPLIST_KEY_UIApplicationSupportsIndirectInputEvents = YES;
				INFOPLIST_KEY_UILaunchScreen_Generation = YES;
				INFOPLIST_KEY_UISupportedInterfaceOrientations_iPad = "UIInterfaceOrientationPortrait UIInterfaceOrientationPortraitUpsideDown UIInterfaceOrientationLandscapeLeft UIInterfaceOrientationLandscapeRight";
				INFOPLIST_KEY_UISupportedInterfaceOrientations_iPhone = "UIInterfaceOrientationPortrait UIInterfaceOrientationLandscapeLeft UIInterfaceOrientationLandscapeRight";
				IPHONEOS_DEPLOYMENT_TARGET = 17.0;
				LD_RUNPATH_SEARCH_PATHS = (
					"$(inherited)",
					"@executable_path/Frameworks",
				);
				MARKETING_VERSION = 1.0;
				PRODUCT_BUNDLE_IDENTIFIER = com.behaviortracker.BehaviorTracker;
				PRODUCT_NAME = "$(TARGET_NAME)";
				SWIFT_EMIT_LOC_STRINGS = YES;
				SWIFT_VERSION = 5.0;
				TARGETED_DEVICE_FAMILY = "1,2";
			};
			name = Debug;
		};
		62FC608100000006 /* Release */ = {
			isa = XCBuildConfiguration;
			buildSettings = {
				ASSETCATALOG_COMPILER_APPICON_NAME = AppIcon;
				ASSETCATALOG_COMPILER_GLOBAL_ACCENT_COLOR_NAME = AccentColor;
				CODE_SIGN_ENTITLEMENTS = BehaviorTracker/BehaviorTracker.entitlements;
				CODE_SIGN_STYLE = Automatic;
				CURRENT_PROJECT_VERSION = 1;
				DEVELOPMENT_ASSET_PATHS = "\"BehaviorTracker/Preview Content\"";
				DEVELOPMENT_TEAM = MV4GGC9J7K;
				ENABLE_PREVIEWS = YES;
				GENERATE_INFOPLIST_FILE = YES;
				INFOPLIST_KEY_CFBundleDisplayName = "";
				INFOPLIST_KEY_LSApplicationCategoryType = "public.app-category.healthcare-fitness";
				INFOPLIST_KEY_NSHealthShareUsageDescription = " BehaviorTracker reads your health data to provide personalized insights.";
				INFOPLIST_KEY_NSHealthUpdateUsageDescription = "BehaviorTracker syncs your behavior patterns with HealthKit to help you track your wellness.";
				INFOPLIST_KEY_UIApplicationSceneManifest_Generation = YES;
				INFOPLIST_KEY_UIApplicationSupportsIndirectInputEvents = YES;
				INFOPLIST_KEY_UILaunchScreen_Generation = YES;
				INFOPLIST_KEY_UISupportedInterfaceOrientations_iPad = "UIInterfaceOrientationPortrait UIInterfaceOrientationPortraitUpsideDown UIInterfaceOrientationLandscapeLeft UIInterfaceOrientationLandscapeRight";
				INFOPLIST_KEY_UISupportedInterfaceOrientations_iPhone = "UIInterfaceOrientationPortrait UIInterfaceOrientationLandscapeLeft UIInterfaceOrientationLandscapeRight";
				IPHONEOS_DEPLOYMENT_TARGET = 17.0;
				LD_RUNPATH_SEARCH_PATHS = (
					"$(inherited)",
					"@executable_path/Frameworks",
				);
				MARKETING_VERSION = 1.0;
				PRODUCT_BUNDLE_IDENTIFIER = com.behaviortracker.BehaviorTracker;
				PRODUCT_NAME = "$(TARGET_NAME)";
				SWIFT_EMIT_LOC_STRINGS = YES;
				SWIFT_VERSION = 5.0;
				TARGETED_DEVICE_FAMILY = "1,2";
			};
			name = Release;
		};
		7990D6AB00000007 /* Debug */ = {
			isa = XCBuildConfiguration;
			buildSettings = {
				ALWAYS_SEARCH_USER_PATHS = NO;
				ASSETCATALOG_COMPILER_GENERATE_SWIFT_ASSET_SYMBOL_EXTENSIONS = YES;
				CLANG_ANALYZER_NONNULL = YES;
				CLANG_ANALYZER_NUMBER_OBJECT_CONVERSION = YES_AGGRESSIVE;
				CLANG_CXX_LANGUAGE_STANDARD = "gnu++20";
				CLANG_ENABLE_MODULES = YES;
				CLANG_ENABLE_OBJC_ARC = YES;
				CLANG_ENABLE_OBJC_WEAK = YES;
				CLANG_WARN_BLOCK_CAPTURE_AUTORELEASING = YES;
				CLANG_WARN_BOOL_CONVERSION = YES;
				CLANG_WARN_COMMA = YES;
				CLANG_WARN_CONSTANT_CONVERSION = YES;
				CLANG_WARN_DEPRECATED_OBJC_IMPLEMENTATIONS = YES;
				CLANG_WARN_DIRECT_OBJC_ISA_USAGE = YES_ERROR;
				CLANG_WARN_DOCUMENTATION_COMMENTS = YES;
				CLANG_WARN_EMPTY_BODY = YES;
				CLANG_WARN_ENUM_CONVERSION = YES;
				CLANG_WARN_INFINITE_RECURSION = YES;
				CLANG_WARN_INT_CONVERSION = YES;
				CLANG_WARN_NON_LITERAL_NULL_CONVERSION = YES;
				CLANG_WARN_OBJC_IMPLICIT_RETAIN_SELF = YES;
				CLANG_WARN_OBJC_LITERAL_CONVERSION = YES;
				CLANG_WARN_OBJC_ROOT_CLASS = YES_ERROR;
				CLANG_WARN_QUOTED_INCLUDE_IN_FRAMEWORK_HEADER = YES;
				CLANG_WARN_RANGE_LOOP_ANALYSIS = YES;
				CLANG_WARN_STRICT_PROTOTYPES = YES;
				CLANG_WARN_SUSPICIOUS_MOVE = YES;
				CLANG_WARN_UNGUARDED_AVAILABILITY = YES_AGGRESSIVE;
				CLANG_WARN_UNREACHABLE_CODE = YES;
				CLANG_WARN__DUPLICATE_METHOD_MATCH = YES;
				COPY_PHASE_STRIP = NO;
				DEBUG_INFORMATION_FORMAT = dwarf;
				ENABLE_STRICT_OBJC_MSGSEND = YES;
				ENABLE_TESTABILITY = YES;
				ENABLE_USER_SCRIPT_SANDBOXING = YES;
				GCC_C_LANGUAGE_STANDARD = gnu17;
				GCC_DYNAMIC_NO_PIC = NO;
				GCC_NO_COMMON_BLOCKS = YES;
				GCC_OPTIMIZATION_LEVEL = 0;
				GCC_PREPROCESSOR_DEFINITIONS = (
					"DEBUG=1",
					"$(inherited)",
				);
				GCC_WARN_64_TO_32_BIT_CONVERSION = YES;
				GCC_WARN_ABOUT_RETURN_TYPE = YES_ERROR;
				GCC_WARN_UNDECLARED_SELECTOR = YES;
				GCC_WARN_UNINITIALIZED_AUTOS = YES_AGGRESSIVE;
				GCC_WARN_UNUSED_FUNCTION = YES;
				GCC_WARN_UNUSED_VARIABLE = YES;
				IPHONEOS_DEPLOYMENT_TARGET = 17.0;
				LOCALIZATION_PREFERS_STRING_CATALOGS = YES;
				MTL_ENABLE_DEBUG_INFO = INCLUDE_SOURCE;
				MTL_FAST_MATH = YES;
				ONLY_ACTIVE_ARCH = YES;
				SDKROOT = iphoneos;
				STRING_CATALOG_GENERATE_SYMBOLS = YES;
				SWIFT_ACTIVE_COMPILATION_CONDITIONS = "DEBUG $(inherited)";
				SWIFT_OPTIMIZATION_LEVEL = "-Onone";
			};
			name = Debug;
		};
		7990D6AB00000008 /* Release */ = {
			isa = XCBuildConfiguration;
			buildSettings = {
				ALWAYS_SEARCH_USER_PATHS = NO;
				ASSETCATALOG_COMPILER_GENERATE_SWIFT_ASSET_SYMBOL_EXTENSIONS = YES;
				CLANG_ANALYZER_NONNULL = YES;
				CLANG_ANALYZER_NUMBER_OBJECT_CONVERSION = YES_AGGRESSIVE;
				CLANG_CXX_LANGUAGE_STANDARD = "gnu++20";
				CLANG_ENABLE_MODULES = YES;
				CLANG_ENABLE_OBJC_ARC = YES;
				CLANG_ENABLE_OBJC_WEAK = YES;
				CLANG_WARN_BLOCK_CAPTURE_AUTORELEASING = YES;
				CLANG_WARN_BOOL_CONVERSION = YES;
				CLANG_WARN_COMMA = YES;
				CLANG_WARN_CONSTANT_CONVERSION = YES;
				CLANG_WARN_DEPRECATED_OBJC_IMPLEMENTATIONS = YES;
				CLANG_WARN_DIRECT_OBJC_ISA_USAGE = YES_ERROR;
				CLANG_WARN_DOCUMENTATION_COMMENTS = YES;
				CLANG_WARN_EMPTY_BODY = YES;
				CLANG_WARN_ENUM_CONVERSION = YES;
				CLANG_WARN_INFINITE_RECURSION = YES;
				CLANG_WARN_INT_CONVERSION = YES;
				CLANG_WARN_NON_LITERAL_NULL_CONVERSION = YES;
				CLANG_WARN_OBJC_IMPLICIT_RETAIN_SELF = YES;
				CLANG_WARN_OBJC_LITERAL_CONVERSION = YES;
				CLANG_WARN_OBJC_ROOT_CLASS = YES_ERROR;
				CLANG_WARN_QUOTED_INCLUDE_IN_FRAMEWORK_HEADER = YES;
				CLANG_WARN_RANGE_LOOP_ANALYSIS = YES;
				CLANG_WARN_STRICT_PROTOTYPES = YES;
				CLANG_WARN_SUSPICIOUS_MOVE = YES;
				CLANG_WARN_UNGUARDED_AVAILABILITY = YES_AGGRESSIVE;
				CLANG_WARN_UNREACHABLE_CODE = YES;
				CLANG_WARN__DUPLICATE_METHOD_MATCH = YES;
				COPY_PHASE_STRIP = NO;
				DEBUG_INFORMATION_FORMAT = "dwarf-with-dsym";
				ENABLE_NS_ASSERTIONS = NO;
				ENABLE_STRICT_OBJC_MSGSEND = YES;
				ENABLE_USER_SCRIPT_SANDBOXING = YES;
				GCC_C_LANGUAGE_STANDARD = gnu17;
				GCC_NO_COMMON_BLOCKS = YES;
				GCC_WARN_64_TO_32_BIT_CONVERSION = YES;
				GCC_WARN_ABOUT_RETURN_TYPE = YES_ERROR;
				GCC_WARN_UNDECLARED_SELECTOR = YES;
				GCC_WARN_UNINITIALIZED_AUTOS = YES_AGGRESSIVE;
				GCC_WARN_UNUSED_FUNCTION = YES;
				GCC_WARN_UNUSED_VARIABLE = YES;
				IPHONEOS_DEPLOYMENT_TARGET = 17.0;
				LOCALIZATION_PREFERS_STRING_CATALOGS = YES;
				MTL_ENABLE_DEBUG_INFO = NO;
				MTL_FAST_MATH = YES;
				SDKROOT = iphoneos;
				STRING_CATALOG_GENERATE_SYMBOLS = YES;
				SWIFT_COMPILATION_MODE = wholemodule;
				VALIDATE_PRODUCT = YES;
			};
			name = Release;
		};
/* End XCBuildConfiguration section */

/* Begin XCConfigurationList section */
		62FC608100000002 /* Build configuration list for PBXNativeTarget "BehaviorTracker" */ = {
			isa = XCConfigurationList;
			buildConfigurations = (
				62FC608100000005 /* Debug */,
				62FC608100000006 /* Release */,
			);
			defaultConfigurationIsVisible = 0;
			defaultConfigurationName = Release;
		};
		7990D6AB00000006 /* Build configuration list for PBXProject "BehaviorTracker" */ = {
			isa = XCConfigurationList;
			buildConfigurations = (
				7990D6AB00000007 /* Debug */,
				7990D6AB00000008 /* Release */,
			);
			defaultConfigurationIsVisible = 0;
			defaultConfigurationName = Release;
		};
/* End XCConfigurationList section */

/* Begin XCVersionGroup section */
		4E0091042EC1372900D8A0D1 /* BehaviorTrackerModel.xcdatamodeld */ = {
			isa = XCVersionGroup;
			children = (
				4E0091262EC1372900D8A0D1 /* BehaviorTracker.xcdatamodel */,
			);
			currentVersion = 4E0091262EC1372900D8A0D1 /* BehaviorTracker.xcdatamodel */;
			path = BehaviorTrackerModel.xcdatamodeld;
			sourceTree = "<group>";
			versionGroupType = wrapper.xcdatamodel;
		};
/* End XCVersionGroup section */
	};
	rootObject = 7990D6AB00000005 /* Project object */;
}
